
Microsoft Visual Studio Solution File, Format Version 12.00
# Visual Studio Version 16
VisualStudioVersion = 16.0.30709.132
MinimumVisualStudioVersion = 10.0.40219.1
Project("{FAE04EC0-301F-11D3-BF4B-00C04F79EFBC}") = "BewareTask", "BewareTask.csproj", "{47CBD332-4B2E-4CBE-95CE-4AD83B973B7D}"
EndProject
Global
	GlobalSection(SolutionConfigurationPlatforms) = preSolution
		Debug|Any CPU = Debug|Any CPU
		Release|Any CPU = Release|Any CPU
	EndGlobalSection
	GlobalSection(ProjectConfigurationPlatforms) = postSolution
		{47CBD332-4B2E-4CBE-95CE-4AD83B973B7D}.Debug|Any CPU.ActiveCfg = Debug|Any CPU
		{47CBD332-4B2E-4CBE-95CE-4AD83B973B7D}.Debug|Any CPU.Build.0 = Debug|Any CPU
		{47CBD332-4B2E-4CBE-95CE-4AD83B973B7D}.Release|Any CPU.ActiveCfg = Release|Any CPU
		{47CBD332-4B2E-4CBE-95CE-4AD83B973B7D}.Release|Any CPU.Build.0 = Release|Any CPU
	EndGlobalSection
	GlobalSection(SolutionProperties) = preSolution
		HideSolutionNode = FALSE
	EndGlobalSection
	GlobalSection(ExtensibilityGlobals) = postSolution
		SolutionGuid = {8BB4F978-C6D2-4564-A566-76E95DD2A2C3}
	EndGlobalSection
EndGlobal
